
Microsoft Visual Studio Solution File, Format Version 12.00
# Visual Studio 15
VisualStudioVersion = 15.0.28010.0
MinimumVisualStudioVersion = 10.0.40219.1
Project("{FAE04EC0-301F-11D3-BF4B-00C04F79EFBC}") = "WebApplication", "WebApplication\WebApplication.csproj", "{D99FB11F-ED75-43A7-886E-539AEA8FE12A}"
EndProject
Global
	GlobalSection(SolutionConfigurationPlatforms) = preSolution
		Debug|Any CPU = Debug|Any CPU
		Release|Any CPU = Release|Any CPU
	EndGlobalSection
	GlobalSection(ProjectConfigurationPlatforms) = postSolution
		{D99FB11F-ED75-43A7-886E-539AEA8FE12A}.Debug|Any CPU.ActiveCfg = Debug|Any CPU
		{D99FB11F-ED75-43A7-886E-539AEA8FE12A}.Debug|Any CPU.Build.0 = Debug|Any CPU
		{D99FB11F-ED75-43A7-886E-539AEA8FE12A}.Release|Any CPU.ActiveCfg = Release|Any CPU
		{D99FB11F-ED75-43A7-886E-539AEA8FE12A}.Release|Any CPU.Build.0 = Release|Any CPU
	EndGlobalSection
	GlobalSection(SolutionProperties) = preSolution
		HideSolutionNode = FALSE
	EndGlobalSection
	GlobalSection(ExtensibilityGlobals) = postSolution
		SolutionGuid = {A1A2AEC3-BEDD-46A5-A013-19EF9CFD1CC2}
	EndGlobalSection
EndGlobal
